
Microsoft Visual Studio Solution File, Format Version 12.00
# Visual Studio Version 17
VisualStudioVersion = 17.6.33829.357
MinimumVisualStudioVersion = 10.0.40219.1
Project("{FAE04EC0-301F-11D3-BF4B-00C04F79EFBC}") = "api-notification", "api-notification.csproj", "{5C901C53-0162-4293-8AD0-8CE6744DA50D}"
EndProject
Global
	GlobalSection(SolutionConfigurationPlatforms) = preSolution
		Debug|Any CPU = Debug|Any CPU
		Release|Any CPU = Release|Any CPU
	EndGlobalSection
	GlobalSection(ProjectConfigurationPlatforms) = postSolution
		{5C901C53-0162-4293-8AD0-8CE6744DA50D}.Debug|Any CPU.ActiveCfg = Debug|Any CPU
		{5C901C53-0162-4293-8AD0-8CE6744DA50D}.Debug|Any CPU.Build.0 = Debug|Any CPU
		{5C901C53-0162-4293-8AD0-8CE6744DA50D}.Release|Any CPU.ActiveCfg = Release|Any CPU
		{5C901C53-0162-4293-8AD0-8CE6744DA50D}.Release|Any CPU.Build.0 = Release|Any CPU
	EndGlobalSection
	GlobalSection(SolutionProperties) = preSolution
		HideSolutionNode = FALSE
	EndGlobalSection
	GlobalSection(ExtensibilityGlobals) = postSolution
		SolutionGuid = {47D642DA-FE86-46C6-A889-AB050377E3F4}
	EndGlobalSection
EndGlobal
